// !$*UTF8*$!
{
	archiveVersion = 1;
	classes = {
	};
	objectVersion = 46;
	objects = {

/* Begin PBXBuildFile section */
		42C649151DD28EA60010D341 /* AppDelegate.swift in Sources */ = {isa = PBXBuildFile; fileRef = 42C649141DD28EA60010D341 /* AppDelegate.swift */; };
		42C649171DD28EA60010D341 /* ViewController.swift in Sources */ = {isa = PBXBuildFile; fileRef = 42C649161DD28EA60010D341 /* ViewController.swift */; };
		42C6491A1DD28EA60010D341 /* Main.storyboard in Resources */ = {isa = PBXBuildFile; fileRef = 42C649181DD28EA60010D341 /* Main.storyboard */; };
		42C6491C1DD28EA60010D341 /* Assets.xcassets in Resources */ = {isa = PBXBuildFile; fileRef = 42C6491B1DD28EA60010D341 /* Assets.xcassets */; };
		42C6491F1DD28EA60010D341 /* LaunchScreen.storyboard in Resources */ = {isa = PBXBuildFile; fileRef = 42C6491D1DD28EA60010D341 /* LaunchScreen.storyboard */; };
		42C649291DD290110010D341 /* Example.swift in Sources */ = {isa = PBXBuildFile; fileRef = 42C649281DD290100010D341 /* Example.swift */; };
		4462D885726CD57DD0AC9379 /* Pods_FirebaseExample.framework in Frameworks */ = {isa = PBXBuildFile; fileRef = FF99B69C142A8D93C02BA03A /* Pods_FirebaseExample.framework */; };
/* End PBXBuildFile section */

/* Begin PBXFileReference section */
		42C649111DD28EA60010D341 /* FirebaseExample.app */ = {isa = PBXFileReference; explicitFileType = wrapper.application; includeInIndex = 0; path = FirebaseExample.app; sourceTree = BUILT_PRODUCTS_DIR; };
		42C649141DD28EA60010D341 /* AppDelegate.swift */ = {isa = PBXFileReference; lastKnownFileType = sourcecode.swift; path = AppDelegate.swift; sourceTree = "<group>"; };
		42C649161DD28EA60010D341 /* ViewController.swift */ = {isa = PBXFileReference; lastKnownFileType = sourcecode.swift; path = ViewController.swift; sourceTree = "<group>"; };
		42C649191DD28EA60010D341 /* Base */ = {isa = PBXFileReference; lastKnownFileType = file.storyboard; name = Base; path = Base.lproj/Main.storyboard; sourceTree = "<group>"; };
		42C6491B1DD28EA60010D341 /* Assets.xcassets */ = {isa = PBXFileReference; lastKnownFileType = folder.assetcatalog; path = Assets.xcassets; sourceTree = "<group>"; };
		42C6491E1DD28EA60010D341 /* Base */ = {isa = PBXFileReference; lastKnownFileType = file.storyboard; name = Base; path = Base.lproj/LaunchScreen.storyboard; sourceTree = "<group>"; };
		42C649201DD28EA60010D341 /* Info.plist */ = {isa = PBXFileReference; lastKnownFileType = text.plist.xml; path = Info.plist; sourceTree = "<group>"; };
		42C649281DD290100010D341 /* Example.swift */ = {isa = PBXFileReference; fileEncoding = 4; lastKnownFileType = sourcecode.swift; path = Example.swift; sourceTree = "<group>"; };
		555A363404664849AF19BB5C /* Pods-FirebaseExample.release.xcconfig */ = {isa = PBXFileReference; includeInIndex = 1; lastKnownFileType = text.xcconfig; name = "Pods-FirebaseExample.release.xcconfig"; path = "Pods/Target Support Files/Pods-FirebaseExample/Pods-FirebaseExample.release.xcconfig"; sourceTree = "<group>"; };
		BE39DEFFEC338DD196FCF508 /* Pods-FirebaseExample.debug.xcconfig */ = {isa = PBXFileReference; includeInIndex = 1; lastKnownFileType = text.xcconfig; name = "Pods-FirebaseExample.debug.xcconfig"; path = "Pods/Target Support Files/Pods-FirebaseExample/Pods-FirebaseExample.debug.xcconfig"; sourceTree = "<group>"; };
		FF99B69C142A8D93C02BA03A /* Pods_FirebaseExample.framework */ = {isa = PBXFileReference; explicitFileType = wrapper.framework; includeInIndex = 0; path = Pods_FirebaseExample.framework; sourceTree = BUILT_PRODUCTS_DIR; };
/* End PBXFileReference section */

/* Begin PBXFrameworksBuildPhase section */
		42C6490E1DD28EA60010D341 /* Frameworks */ = {
			isa = PBXFrameworksBuildPhase;
			buildActionMask = 2147483647;
			files = (
				4462D885726CD57DD0AC9379 /* Pods_FirebaseExample.framework in Frameworks */,
			);
			runOnlyForDeploymentPostprocessing = 0;
		};
/* End PBXFrameworksBuildPhase section */

/* Begin PBXGroup section */
		42C649081DD28EA60010D341 = {
			isa = PBXGroup;
			children = (
				42C649131DD28EA60010D341 /* FirebaseExample */,
				42C649121DD28EA60010D341 /* Products */,
				91566676C5D917AA2C4E7C90 /* Pods */,
				871B4DA00A61FE839788FA0E /* Frameworks */,
			);
			sourceTree = "<group>";
		};
		42C649121DD28EA60010D341 /* Products */ = {
			isa = PBXGroup;
			children = (
				42C649111DD28EA60010D341 /* FirebaseExample.app */,
			);
			name = Products;
			sourceTree = "<group>";
		};
		42C649131DD28EA60010D341 /* FirebaseExample */ = {
			isa = PBXGroup;
			children = (
				42C649261DD28F4A0010D341 /* Demo */,
				42C649271DD28F700010D341 /* Library */,
			);
			path = FirebaseExample;
			sourceTree = "<group>";
		};
		42C649261DD28F4A0010D341 /* Demo */ = {
			isa = PBXGroup;
			children = (
				42C649141DD28EA60010D341 /* AppDelegate.swift */,
				42C649161DD28EA60010D341 /* ViewController.swift */,
				42C649181DD28EA60010D341 /* Main.storyboard */,
				42C6491B1DD28EA60010D341 /* Assets.xcassets */,
				42C6491D1DD28EA60010D341 /* LaunchScreen.storyboard */,
				42C649201DD28EA60010D341 /* Info.plist */,
			);
			path = Demo;
			sourceTree = "<group>";
		};
		42C649271DD28F700010D341 /* Library */ = {
			isa = PBXGroup;
			children = (
				42C649281DD290100010D341 /* Example.swift */,
			);
			path = Library;
			sourceTree = "<group>";
		};
		871B4DA00A61FE839788FA0E /* Frameworks */ = {
			isa = PBXGroup;
			children = (
				FF99B69C142A8D93C02BA03A /* Pods_FirebaseExample.framework */,
			);
			name = Frameworks;
			sourceTree = "<group>";
		};
		91566676C5D917AA2C4E7C90 /* Pods */ = {
			isa = PBXGroup;
			children = (
				BE39DEFFEC338DD196FCF508 /* Pods-FirebaseExample.debug.xcconfig */,
				555A363404664849AF19BB5C /* Pods-FirebaseExample.release.xcconfig */,
			);
			name = Pods;
			sourceTree = "<group>";
		};
/* End PBXGroup section */

/* Begin PBXNativeTarget section */
		42C649101DD28EA60010D341 /* FirebaseExample */ = {
			isa = PBXNativeTarget;
			buildConfigurationList = 42C649231DD28EA60010D341 /* Build configuration list for PBXNativeTarget "FirebaseExample" */;
			buildPhases = (
				8BF1DB5BFC9230E7565CD8B5 /* [CP] Check Pods Manifest.lock */,
				42C6490D1DD28EA60010D341 /* Sources */,
				42C6490E1DD28EA60010D341 /* Frameworks */,
				42C6490F1DD28EA60010D341 /* Resources */,
				CE060CD6443819DC02EC8F6C /* [CP] Embed Pods Frameworks */,
				58906FCBA41729C2B3C2BEE2 /* [CP] Copy Pods Resources */,
			);
			buildRules = (
			);
			dependencies = (
			);
			name = FirebaseExample;
			productName = FirebaseExample;
			productReference = 42C649111DD28EA60010D341 /* FirebaseExample.app */;
			productType = "com.apple.product-type.application";
		};
/* End PBXNativeTarget section */

/* Begin PBXProject section */
		42C649091DD28EA60010D341 /* Project object */ = {
			isa = PBXProject;
			attributes = {
				LastSwiftUpdateCheck = 0800;
				LastUpgradeCheck = 0800;
				ORGANIZATIONNAME = "Pristine, Inc";
				TargetAttributes = {
					42C649101DD28EA60010D341 = {
						CreatedOnToolsVersion = 8.0;
						ProvisioningStyle = Automatic;
					};
				};
			};
			buildConfigurationList = 42C6490C1DD28EA60010D341 /* Build configuration list for PBXProject "FirebaseExample" */;
			compatibilityVersion = "Xcode 3.2";
			developmentRegion = English;
			hasScannedForEncodings = 0;
			knownRegions = (
				en,
				Base,
			);
			mainGroup = 42C649081DD28EA60010D341;
			productRefGroup = 42C649121DD28EA60010D341 /* Products */;
			projectDirPath = "";
			projectRoot = "";
			targets = (
				42C649101DD28EA60010D341 /* FirebaseExample */,
			);
		};
/* End PBXProject section */

/* Begin PBXResourcesBuildPhase section */
		42C6490F1DD28EA60010D341 /* Resources */ = {
			isa = PBXResourcesBuildPhase;
			buildActionMask = 2147483647;
			files = (
				42C6491F1DD28EA60010D341 /* LaunchScreen.storyboard in Resources */,
				42C6491C1DD28EA60010D341 /* Assets.xcassets in Resources */,
				42C6491A1DD28EA60010D341 /* Main.storyboard in Resources */,
			);
			runOnlyForDeploymentPostprocessing = 0;
		};
/* End PBXResourcesBuildPhase section */

/* Begin PBXShellScriptBuildPhase section */
		58906FCBA41729C2B3C2BEE2 /* [CP] Copy Pods Resources */ = {
			isa = PBXShellScriptBuildPhase;
			buildActionMask = 2147483647;
			files = (
			);
			inputPaths = (
			);
			name = "[CP] Copy Pods Resources";
			outputPaths = (
			);
			runOnlyForDeploymentPostprocessing = 0;
			shellPath = /bin/sh;
			shellScript = "\"${SRCROOT}/Pods/Target Support Files/Pods-FirebaseExample/Pods-FirebaseExample-resources.sh\"\n";
			showEnvVarsInLog = 0;
		};
		8BF1DB5BFC9230E7565CD8B5 /* [CP] Check Pods Manifest.lock */ = {
			isa = PBXShellScriptBuildPhase;
			buildActionMask = 2147483647;
			files = (
			);
			inputPaths = (
			);
			name = "[CP] Check Pods Manifest.lock";
			outputPaths = (
			);
			runOnlyForDeploymentPostprocessing = 0;
			shellPath = /bin/sh;
			shellScript = "diff \"${PODS_ROOT}/../Podfile.lock\" \"${PODS_ROOT}/Manifest.lock\" > /dev/null\nif [ $? != 0 ] ; then\n    # print error to STDERR\n    echo \"error: The sandbox is not in sync with the Podfile.lock. Run 'pod install' or update your CocoaPods installation.\" >&2\n    exit 1\nfi\n";
			showEnvVarsInLog = 0;
		};
		CE060CD6443819DC02EC8F6C /* [CP] Embed Pods Frameworks */ = {
			isa = PBXShellScriptBuildPhase;
			buildActionMask = 2147483647;
			files = (
			);
			inputPaths = (
			);
			name = "[CP] Embed Pods Frameworks";
			outputPaths = (
			);
			runOnlyForDeploymentPostprocessing = 0;
			shellPath = /bin/sh;
			shellScript = "\"${SRCROOT}/Pods/Target Support Files/Pods-FirebaseExample/Pods-FirebaseExample-frameworks.sh\"\n";
			showEnvVarsInLog = 0;
		};
/* End PBXShellScriptBuildPhase section */

/* Begin PBXSourcesBuildPhase section */
		42C6490D1DD28EA60010D341 /* Sources */ = {
			isa = PBXSourcesBuildPhase;
			buildActionMask = 2147483647;
			files = (
				42C649171DD28EA60010D341 /* ViewController.swift in Sources */,
				42C649151DD28EA60010D341 /* AppDelegate.swift in Sources */,
				42C649291DD290110010D341 /* Example.swift in Sources */,
			);
			runOnlyForDeploymentPostprocessing = 0;
		};
/* End PBXSourcesBuildPhase section */

/* Begin PBXVariantGroup section */
		42C649181DD28EA60010D341 /* Main.storyboard */ = {
			isa = PBXVariantGroup;
			children = (
				42C649191DD28EA60010D341 /* Base */,
			);
			name = Main.storyboard;
			sourceTree = "<group>";
		};
		42C6491D1DD28EA60010D341 /* LaunchScreen.storyboard */ = {
			isa = PBXVariantGroup;
			children = (
				42C6491E1DD28EA60010D341 /* Base */,
			);
			name = LaunchScreen.storyboard;
			sourceTree = "<group>";
		};
/* End PBXVariantGroup section */

/* Begin XCBuildConfiguration section */
		42C649211DD28EA60010D341 /* Debug */ = {
			isa = XCBuildConfiguration;
			buildSettings = {
				ALWAYS_SEARCH_USER_PATHS = NO;
				CLANG_ANALYZER_NONNULL = YES;
				CLANG_CXX_LANGUAGE_STANDARD = "gnu++0x";
				CLANG_CXX_LIBRARY = "libc++";
				CLANG_ENABLE_MODULES = YES;
				CLANG_ENABLE_OBJC_ARC = YES;
				CLANG_WARN_BOOL_CONVERSION = YES;
				CLANG_WARN_CONSTANT_CONVERSION = YES;
				CLANG_WARN_DIRECT_OBJC_ISA_USAGE = YES_ERROR;
				CLANG_WARN_DOCUMENTATION_COMMENTS = YES;
				CLANG_WARN_EMPTY_BODY = YES;
				CLANG_WARN_ENUM_CONVERSION = YES;
				CLANG_WARN_INFINITE_RECURSION = YES;
				CLANG_WARN_INT_CONVERSION = YES;
				CLANG_WARN_OBJC_ROOT_CLASS = YES_ERROR;
				CLANG_WARN_SUSPICIOUS_MOVES = YES;
				CLANG_WARN_UNREACHABLE_CODE = YES;
				CLANG_WARN__DUPLICATE_METHOD_MATCH = YES;
				"CODE_SIGN_IDENTITY[sdk=iphoneos*]" = "iPhone Developer";
				COPY_PHASE_STRIP = NO;
				DEBUG_INFORMATION_FORMAT = dwarf;
				ENABLE_STRICT_OBJC_MSGSEND = YES;
				ENABLE_TESTABILITY = YES;
				GCC_C_LANGUAGE_STANDARD = gnu99;
				GCC_DYNAMIC_NO_PIC = NO;
				GCC_NO_COMMON_BLOCKS = YES;
				GCC_OPTIMIZATION_LEVEL = 0;
				GCC_PREPROCESSOR_DEFINITIONS = (
					"DEBUG=1",
					"$(inherited)",
				);
				GCC_WARN_64_TO_32_BIT_CONVERSION = YES;
				GCC_WARN_ABOUT_RETURN_TYPE = YES_ERROR;
				GCC_WARN_UNDECLARED_SELECTOR = YES;
				GCC_WARN_UNINITIALIZED_AUTOS = YES_AGGRESSIVE;
				GCC_WARN_UNUSED_FUNCTION = YES;
				GCC_WARN_UNUSED_VARIABLE = YES;
				IPHONEOS_DEPLOYMENT_TARGET = 10.0;
				MTL_ENABLE_DEBUG_INFO = YES;
				ONLY_ACTIVE_ARCH = YES;
				SDKROOT = iphoneos;
				SWIFT_ACTIVE_COMPILATION_CONDITIONS = DEBUG;
				SWIFT_OPTIMIZATION_LEVEL = "-Onone";
				TARGETED_DEVICE_FAMILY = "1,2";
			};
			name = Debug;
		};
		42C649221DD28EA60010D341 /* Release */ = {
			isa = XCBuildConfiguration;
			buildSettings = {
				ALWAYS_SEARCH_USER_PATHS = NO;
				CLANG_ANALYZER_NONNULL = YES;
				CLANG_CXX_LANGUAGE_STANDARD = "gnu++0x";
				CLANG_CXX_LIBRARY = "libc++";
				CLANG_ENABLE_MODULES = YES;
				CLANG_ENABLE_OBJC_ARC = YES;
				CLANG_WARN_BOOL_CONVERSION = YES;
				CLANG_WARN_CONSTANT_CONVERSION = YES;
				CLANG_WARN_DIRECT_OBJC_ISA_USAGE = YES_ERROR;
				CLANG_WARN_DOCUMENTATION_COMMENTS = YES;
				CLANG_WARN_EMPTY_BODY = YES;
				CLANG_WARN_ENUM_CONVERSION = YES;
				CLANG_WARN_INFINITE_RECURSION = YES;
				CLANG_WARN_INT_CONVERSION = YES;
				CLANG_WARN_OBJC_ROOT_CLASS = YES_ERROR;
				CLANG_WARN_SUSPICIOUS_MOVES = YES;
				CLANG_WARN_UNREACHABLE_CODE = YES;
				CLANG_WARN__DUPLICATE_METHOD_MATCH = YES;
				"CODE_SIGN_IDENTITY[sdk=iphoneos*]" = "iPhone Developer";
				COPY_PHASE_STRIP = NO;
				DEBUG_INFORMATION_FORMAT = "dwarf-with-dsym";
				ENABLE_NS_ASSERTIONS = NO;
				ENABLE_STRICT_OBJC_MSGSEND = YES;
				GCC_C_LANGUAGE_STANDARD = gnu99;
				GCC_NO_COMMON_BLOCKS = YES;
				GCC_WARN_64_TO_32_BIT_CONVERSION = YES;
				GCC_WARN_ABOUT_RETURN_TYPE = YES_ERROR;
				GCC_WARN_UNDECLARED_SELECTOR = YES;
				GCC_WARN_UNINITIALIZED_AUTOS = YES_AGGRESSIVE;
				GCC_WARN_UNUSED_FUNCTION = YES;
				GCC_WARN_UNUSED_VARIABLE = YES;
				IPHONEOS_DEPLOYMENT_TARGET = 10.0;
				MTL_ENABLE_DEBUG_INFO = NO;
				SDKROOT = iphoneos;
				SWIFT_OPTIMIZATION_LEVEL = "-Owholemodule";
				TARGETED_DEVICE_FAMILY = "1,2";
				VALIDATE_PRODUCT = YES;
			};
			name = Release;
		};
		42C649241DD28EA60010D341 /* Debug */ = {
			isa = XCBuildConfiguration;
			baseConfigurationReference = BE39DEFFEC338DD196FCF508 /* Pods-FirebaseExample.debug.xcconfig */;
			buildSettings = {
				ASSETCATALOG_COMPILER_APPICON_NAME = AppIcon;
				INFOPLIST_FILE = FirebaseExample/Demo/Info.plist;
				LD_RUNPATH_SEARCH_PATHS = "$(inherited) @executable_path/Frameworks";
				PRODUCT_BUNDLE_IDENTIFIER = com.pristine.io.FirebaseExample;
				PRODUCT_NAME = "$(TARGET_NAME)";
				SWIFT_VERSION = 3.0;
			};
			name = Debug;
		};
		42C649251DD28EA60010D341 /* Release */ = {
			isa = XCBuildConfiguration;
			baseConfigurationReference = 555A363404664849AF19BB5C /* Pods-FirebaseExample.release.xcconfig */;
			buildSettings = {
				ASSETCATALOG_COMPILER_APPICON_NAME = AppIcon;
				INFOPLIST_FILE = FirebaseExample/Demo/Info.plist;
				LD_RUNPATH_SEARCH_PATHS = "$(inherited) @executable_path/Frameworks";
				PRODUCT_BUNDLE_IDENTIFIER = com.pristine.io.FirebaseExample;
				PRODUCT_NAME = "$(TARGET_NAME)";
				SWIFT_VERSION = 3.0;
			};
			name = Release;
		};
/* End XCBuildConfiguration section */

/* Begin XCConfigurationList section */
		42C6490C1DD28EA60010D341 /* Build configuration list for PBXProject "FirebaseExample" */ = {
			isa = XCConfigurationList;
			buildConfigurations = (
				42C649211DD28EA60010D341 /* Debug */,
				42C649221DD28EA60010D341 /* Release */,
			);
			defaultConfigurationIsVisible = 0;
			defaultConfigurationName = Release;
		};
		42C649231DD28EA60010D341 /* Build configuration list for PBXNativeTarget "FirebaseExample" */ = {
			isa = XCConfigurationList;
			buildConfigurations = (
				42C649241DD28EA60010D341 /* Debug */,
				42C649251DD28EA60010D341 /* Release */,
			);
			defaultConfigurationIsVisible = 0;
			defaultConfigurationName = Release;
		};
/* End XCConfigurationList section */
	};
	rootObject = 42C649091DD28EA60010D341 /* Project object */;
}
